PODS:
  - appcenter-analytics (5.0.0):
    - AppCenter/Analytics (~> 5.0)
    - AppCenterReactNativeShared (~> 5.0)
    - React-Core
  - appcenter-core (5.0.0):
    - AppCenterReactNativeShared (~> 5.0)
    - React-Core
  - appcenter-crashes (5.0.0):
    - AppCenter/Crashes (~> 5.0)
    - AppCenterReactNativeShared (~> 5.0)
    - React-Core
  - AppCenter/Analytics (5.0.4):
    - AppCenter/Core
  - AppCenter/Core (5.0.4)
  - AppCenter/Crashes (5.0.4):
    - AppCenter/Core
  - AppCenterReactNativeShared (5.0.1):
    - AppCenter/Core (= 5.0.4)
  - Base64 (1.1.2)
  - boost (1.76.0)
  - BVLinearGradient (2.8.3):
    - React-Core
  - CodePush (7.1.0):
    - Base64 (~> 1.1)
    - JWT (~> 3.0.0-beta.12)
    - React-Core
    - SSZipArchive (~> 2.2.2)
  - DoubleConversion (1.1.6)
  - FBLazyVector (0.70.5)
  - FBReactNativeSpec (0.70.5):
    - RCT-Folly (= 2021.07.22.00)
    - RCTRequired (= 0.70.5)
    - RCTTypeSafety (= 0.70.5)
    - React-Core (= 0.70.5)
    - React-jsi (= 0.70.5)
    - ReactCommon/turbomodule/core (= 0.70.5)
  - Firebase/Analytics (10.19.0):
    - Firebase/Core
  - Firebase/Core (10.19.0):
    - Firebase/CoreOnly
    - FirebaseAnalytics (~> 10.19.0)
  - Firebase/CoreOnly (10.19.0):
    - FirebaseCore (= 10.19.0)
  - Firebase/Messaging (10.19.0):
    - Firebase/CoreOnly
    - FirebaseMessaging (~> 10.19.0)
  - FirebaseAnalytics (10.19.0):
    - FirebaseAnalytics/AdIdSupport (= 10.19.0)
    - FirebaseCore (~> 10.0)
    - FirebaseInstallations (~> 10.0)
    - GoogleUtilities/AppDelegateSwizzler (~> 7.11)
    - GoogleUtilities/MethodSwizzler (~> 7.11)
    - GoogleUtilities/Network (~> 7.11)
    - "GoogleUtilities/NSData+zlib (~> 7.11)"
    - nanopb (< 2.30910.0, >= 2.30908.0)
  - FirebaseAnalytics/AdIdSupport (10.19.0):
    - FirebaseCore (~> 10.0)
    - FirebaseInstallations (~> 10.0)
    - GoogleAppMeasurement (= 10.19.0)
    - GoogleUtilities/AppDelegateSwizzler (~> 7.11)
    - GoogleUtilities/MethodSwizzler (~> 7.11)
    - GoogleUtilities/Network (~> 7.11)
    - "GoogleUtilities/NSData+zlib (~> 7.11)"
    - nanopb (< 2.30910.0, >= 2.30908.0)
  - FirebaseCore (10.19.0):
    - FirebaseCoreInternal (~> 10.0)
    - GoogleUtilities/Environment (~> 7.12)
    - GoogleUtilities/Logger (~> 7.12)
  - FirebaseCoreExtension (10.19.0):
    - FirebaseCore (~> 10.0)
  - FirebaseCoreInternal (10.23.0):
    - "GoogleUtilities/NSData+zlib (~> 7.8)"
  - FirebaseInstallations (10.23.0):
    - FirebaseCore (~> 10.0)
    - GoogleUtilities/Environment (~> 7.8)
    - GoogleUtilities/UserDefaults (~> 7.8)
    - PromisesObjC (~> 2.1)
  - FirebaseMessaging (10.19.0):
    - FirebaseCore (~> 10.0)
    - FirebaseInstallations (~> 10.0)
    - GoogleDataTransport (~> 9.3)
    - GoogleUtilities/AppDelegateSwizzler (~> 7.8)
    - GoogleUtilities/Environment (~> 7.8)
    - GoogleUtilities/Reachability (~> 7.8)
    - GoogleUtilities/UserDefaults (~> 7.8)
    - nanopb (< 2.30910.0, >= 2.30908.0)
  - fmt (6.2.1)
  - glog (0.3.5)
  - Google-Mobile-Ads-SDK (10.14.0):
    - GoogleAppMeasurement (< 11.0, >= 7.0)
    - GoogleUserMessagingPlatform (>= 1.1)
  - GoogleAppMeasurement (10.19.0):
    - GoogleAppMeasurement/AdIdSupport (= 10.19.0)
    - GoogleUtilities/AppDelegateSwizzler (~> 7.11)
    - GoogleUtilities/MethodSwizzler (~> 7.11)
    - GoogleUtilities/Network (~> 7.11)
    - "GoogleUtilities/NSData+zlib (~> 7.11)"
    - nanopb (< 2.30910.0, >= 2.30908.0)
  - GoogleAppMeasurement/AdIdSupport (10.19.0):
    - GoogleAppMeasurement/WithoutAdIdSupport (= 10.19.0)
    - GoogleUtilities/AppDelegateSwizzler (~> 7.11)
    - GoogleUtilities/MethodSwizzler (~> 7.11)
    - GoogleUtilities/Network (~> 7.11)
    - "GoogleUtilities/NSData+zlib (~> 7.11)"
    - nanopb (< 2.30910.0, >= 2.30908.0)
  - GoogleAppMeasurement/WithoutAdIdSupport (10.19.0):
    - GoogleUtilities/AppDelegateSwizzler (~> 7.11)
    - GoogleUtilities/MethodSwizzler (~> 7.11)
    - GoogleUtilities/Network (~> 7.11)
    - "GoogleUtilities/NSData+zlib (~> 7.11)"
    - nanopb (< 2.30910.0, >= 2.30908.0)
  - GoogleDataTransport (9.4.1):
    - GoogleUtilities/Environment (~> 7.7)
    - nanopb (< 2.30911.0, >= 2.30908.0)
    - PromisesObjC (< 3.0, >= 1.2)
  - GoogleUserMessagingPlatform (2.1.0)
  - GoogleUtilities/AppDelegateSwizzler (7.13.0):
    - GoogleUtilities/Environment
    - GoogleUtilities/Logger
    - GoogleUtilities/Network
    - GoogleUtilities/Privacy
  - GoogleUtilities/Environment (7.13.0):
    - GoogleUtilities/Privacy
    - PromisesObjC (< 3.0, >= 1.2)
  - GoogleUtilities/Logger (7.13.0):
    - GoogleUtilities/Environment
    - GoogleUtilities/Privacy
  - GoogleUtilities/MethodSwizzler (7.13.0):
    - GoogleUtilities/Logger
    - GoogleUtilities/Privacy
  - GoogleUtilities/Network (7.13.0):
    - GoogleUtilities/Logger
    - "GoogleUtilities/NSData+zlib"
    - GoogleUtilities/Privacy
    - GoogleUtilities/Reachability
  - "GoogleUtilities/NSData+zlib (7.13.0)":
    - GoogleUtilities/Privacy
  - GoogleUtilities/Privacy (7.13.0)
  - GoogleUtilities/Reachability (7.13.0):
    - GoogleUtilities/Logger
    - GoogleUtilities/Privacy
  - GoogleUtilities/UserDefaults (7.13.0):
    - GoogleUtilities/Logger
    - GoogleUtilities/Privacy
  - JWT (3.0.0-beta.14):
    - Base64 (~> 1.1.2)
  - nanopb (2.30909.1):
    - nanopb/decode (= 2.30909.1)
    - nanopb/encode (= 2.30909.1)
  - nanopb/decode (2.30909.1)
  - nanopb/encode (2.30909.1)
  - PromisesObjC (2.4.0)
  - RCT-Folly (2021.07.22.00):
    - boost
    - DoubleConversion
    - fmt (~> 6.2.1)
    - glog
    - RCT-Folly/Default (= 2021.07.22.00)
  - RCT-Folly/Default (2021.07.22.00):
    - boost
    - DoubleConversion
    - fmt (~> 6.2.1)
    - glog
  - RCTRequired (0.70.5)
  - RCTTypeSafety (0.70.5):
    - FBLazyVector (= 0.70.5)
    - RCTRequired (= 0.70.5)
    - React-Core (= 0.70.5)
  - React (0.70.5):
    - React-Core (= 0.70.5)
    - React-Core/DevSupport (= 0.70.5)
    - React-Core/RCTWebSocket (= 0.70.5)
    - React-RCTActionSheet (= 0.70.5)
    - React-RCTAnimation (= 0.70.5)
    - React-RCTBlob (= 0.70.5)
    - React-RCTImage (= 0.70.5)
    - React-RCTLinking (= 0.70.5)
    - React-RCTNetwork (= 0.70.5)
    - React-RCTSettings (= 0.70.5)
    - React-RCTText (= 0.70.5)
    - React-RCTVibration (= 0.70.5)
  - React-bridging (0.70.5):
    - RCT-Folly (= 2021.07.22.00)
    - React-jsi (= 0.70.5)
  - React-callinvoker (0.70.5)
  - React-Codegen (0.70.5):
    - FBReactNativeSpec (= 0.70.5)
    - RCT-Folly (= 2021.07.22.00)
    - RCTRequired (= 0.70.5)
    - RCTTypeSafety (= 0.70.5)
    - React-Core (= 0.70.5)
    - React-jsi (= 0.70.5)
    - React-jsiexecutor (= 0.70.5)
    - ReactCommon/turbomodule/core (= 0.70.5)
  - React-Core (0.70.5):
    - glog
    - RCT-Folly (= 2021.07.22.00)
    - React-Core/Default (= 0.70.5)
    - React-cxxreact (= 0.70.5)
    - React-jsi (= 0.70.5)
    - React-jsiexecutor (= 0.70.5)
    - React-perflogger (= 0.70.5)
    - Yoga
  - React-Core/CoreModulesHeaders (0.70.5):
    - glog
    - RCT-Folly (= 2021.07.22.00)
    - React-Core/Default
    - React-cxxreact (= 0.70.5)
    - React-jsi (= 0.70.5)
    - React-jsiexecutor (= 0.70.5)
    - React-perflogger (= 0.70.5)
    - Yoga
  - React-Core/Default (0.70.5):
    - glog
    - RCT-Folly (= 2021.07.22.00)
    - React-cxxreact (= 0.70.5)
    - React-jsi (= 0.70.5)
    - React-jsiexecutor (= 0.70.5)
    - React-perflogger (= 0.70.5)
    - Yoga
  - React-Core/DevSupport (0.70.5):
    - glog
    - RCT-Folly (= 2021.07.22.00)
    - React-Core/Default (= 0.70.5)
    - React-Core/RCTWebSocket (= 0.70.5)
    - React-cxxreact (= 0.70.5)
    - React-jsi (= 0.70.5)
    - React-jsiexecutor (= 0.70.5)
    - React-jsinspector (= 0.70.5)
    - React-perflogger (= 0.70.5)
    - Yoga
  - React-Core/RCTActionSheetHeaders (0.70.5):
    - glog
    - RCT-Folly (= 2021.07.22.00)
    - React-Core/Default
    - React-cxxreact (= 0.70.5)
    - React-jsi (= 0.70.5)
    - React-jsiexecutor (= 0.70.5)
    - React-perflogger (= 0.70.5)
    - Yoga
  - React-Core/RCTAnimationHeaders (0.70.5):
    - glog
    - RCT-Folly (= 2021.07.22.00)
    - React-Core/Default
    - React-cxxreact (= 0.70.5)
    - React-jsi (= 0.70.5)
    - React-jsiexecutor (= 0.70.5)
    - React-perflogger (= 0.70.5)
    - Yoga
  - React-Core/RCTBlobHeaders (0.70.5):
    - glog
    - RCT-Folly (= 2021.07.22.00)
    - React-Core/Default
    - React-cxxreact (= 0.70.5)
    - React-jsi (= 0.70.5)
    - React-jsiexecutor (= 0.70.5)
    - React-perflogger (= 0.70.5)
    - Yoga
  - React-Core/RCTImageHeaders (0.70.5):
    - glog
    - RCT-Folly (= 2021.07.22.00)
    - React-Core/Default
    - React-cxxreact (= 0.70.5)
    - React-jsi (= 0.70.5)
    - React-jsiexecutor (= 0.70.5)
    - React-perflogger (= 0.70.5)
    - Yoga
  - React-Core/RCTLinkingHeaders (0.70.5):
    - glog
    - RCT-Folly (= 2021.07.22.00)
    - React-Core/Default
    - React-cxxreact (= 0.70.5)
    - React-jsi (= 0.70.5)
    - React-jsiexecutor (= 0.70.5)
    - React-perflogger (= 0.70.5)
    - Yoga
  - React-Core/RCTNetworkHeaders (0.70.5):
    - glog
    - RCT-Folly (= 2021.07.22.00)
    - React-Core/Default
    - React-cxxreact (= 0.70.5)
    - React-jsi (= 0.70.5)
    - React-jsiexecutor (= 0.70.5)
    - React-perflogger (= 0.70.5)
    - Yoga
  - React-Core/RCTSettingsHeaders (0.70.5):
    - glog
    - RCT-Folly (= 2021.07.22.00)
    - React-Core/Default
    - React-cxxreact (= 0.70.5)
    - React-jsi (= 0.70.5)
    - React-jsiexecutor (= 0.70.5)
    - React-perflogger (= 0.70.5)
    - Yoga
  - React-Core/RCTTextHeaders (0.70.5):
    - glog
    - RCT-Folly (= 2021.07.22.00)
    - React-Core/Default
    - React-cxxreact (= 0.70.5)
    - React-jsi (= 0.70.5)
    - React-jsiexecutor (= 0.70.5)
    - React-perflogger (= 0.70.5)
    - Yoga
  - React-Core/RCTVibrationHeaders (0.70.5):
    - glog
    - RCT-Folly (= 2021.07.22.00)
    - React-Core/Default
    - React-cxxreact (= 0.70.5)
    - React-jsi (= 0.70.5)
    - React-jsiexecutor (= 0.70.5)
    - React-perflogger (= 0.70.5)
    - Yoga
  - React-Core/RCTWebSocket (0.70.5):
    - glog
    - RCT-Folly (= 2021.07.22.00)
    - React-Core/Default (= 0.70.5)
    - React-cxxreact (= 0.70.5)
    - React-jsi (= 0.70.5)
    - React-jsiexecutor (= 0.70.5)
    - React-perflogger (= 0.70.5)
    - Yoga
  - React-CoreModules (0.70.5):
    - RCT-Folly (= 2021.07.22.00)
    - RCTTypeSafety (= 0.70.5)
    - React-Codegen (= 0.70.5)
    - React-Core/CoreModulesHeaders (= 0.70.5)
    - React-jsi (= 0.70.5)
    - React-RCTImage (= 0.70.5)
    - ReactCommon/turbomodule/core (= 0.70.5)
  - React-cxxreact (0.70.5):
    - boost (= 1.76.0)
    - DoubleConversion
    - glog
    - RCT-Folly (= 2021.07.22.00)
    - React-callinvoker (= 0.70.5)
    - React-jsi (= 0.70.5)
    - React-jsinspector (= 0.70.5)
    - React-logger (= 0.70.5)
    - React-perflogger (= 0.70.5)
    - React-runtimeexecutor (= 0.70.5)
  - React-jsi (0.70.5):
    - boost (= 1.76.0)
    - DoubleConversion
    - glog
    - RCT-Folly (= 2021.07.22.00)
    - React-jsi/Default (= 0.70.5)
  - React-jsi/Default (0.70.5):
    - boost (= 1.76.0)
    - DoubleConversion
    - glog
    - RCT-Folly (= 2021.07.22.00)
  - React-jsiexecutor (0.70.5):
    - DoubleConversion
    - glog
    - RCT-Folly (= 2021.07.22.00)
    - React-cxxreact (= 0.70.5)
    - React-jsi (= 0.70.5)
    - React-perflogger (= 0.70.5)
  - React-jsinspector (0.70.5)
  - React-logger (0.70.5):
    - glog
  - react-native-safe-area-context (4.4.1):
    - RCT-Folly
    - RCTRequired
    - RCTTypeSafety
    - React-Core
    - ReactCommon/turbomodule/core
  - react-native-simple-toast (3.1.0):
    - React-Core
    - Toast (~> 4)
  - react-native-video (5.2.1):
    - React-Core
    - react-native-video/Video (= 5.2.1)
  - react-native-video/Video (5.2.1):
    - React-Core
  - react-native-webview (11.23.1):
    - React-Core
  - React-perflogger (0.70.5)
  - React-RCTActionSheet (0.70.5):
    - React-Core/RCTActionSheetHeaders (= 0.70.5)
  - React-RCTAnimation (0.70.5):
    - RCT-Folly (= 2021.07.22.00)
    - RCTTypeSafety (= 0.70.5)
    - React-Codegen (= 0.70.5)
    - React-Core/RCTAnimationHeaders (= 0.70.5)
    - React-jsi (= 0.70.5)
    - ReactCommon/turbomodule/core (= 0.70.5)
  - React-RCTBlob (0.70.5):
    - RCT-Folly (= 2021.07.22.00)
    - React-Codegen (= 0.70.5)
    - React-Core/RCTBlobHeaders (= 0.70.5)
    - React-Core/RCTWebSocket (= 0.70.5)
    - React-jsi (= 0.70.5)
    - React-RCTNetwork (= 0.70.5)
    - ReactCommon/turbomodule/core (= 0.70.5)
  - React-RCTImage (0.70.5):
    - RCT-Folly (= 2021.07.22.00)
    - RCTTypeSafety (= 0.70.5)
    - React-Codegen (= 0.70.5)
    - React-Core/RCTImageHeaders (= 0.70.5)
    - React-jsi (= 0.70.5)
    - React-RCTNetwork (= 0.70.5)
    - ReactCommon/turbomodule/core (= 0.70.5)
  - React-RCTLinking (0.70.5):
    - React-Codegen (= 0.70.5)
    - React-Core/RCTLinkingHeaders (= 0.70.5)
    - React-jsi (= 0.70.5)
    - ReactCommon/turbomodule/core (= 0.70.5)
  - React-RCTNetwork (0.70.5):
    - RCT-Folly (= 2021.07.22.00)
    - RCTTypeSafety (= 0.70.5)
    - React-Codegen (= 0.70.5)
    - React-Core/RCTNetworkHeaders (= 0.70.5)
    - React-jsi (= 0.70.5)
    - ReactCommon/turbomodule/core (= 0.70.5)
  - React-RCTSettings (0.70.5):
    - RCT-Folly (= 2021.07.22.00)
    - RCTTypeSafety (= 0.70.5)
    - React-Codegen (= 0.70.5)
    - React-Core/RCTSettingsHeaders (= 0.70.5)
    - React-jsi (= 0.70.5)
    - ReactCommon/turbomodule/core (= 0.70.5)
  - React-RCTText (0.70.5):
    - React-Core/RCTTextHeaders (= 0.70.5)
  - React-RCTVibration (0.70.5):
    - RCT-Folly (= 2021.07.22.00)
    - React-Codegen (= 0.70.5)
    - React-Core/RCTVibrationHeaders (= 0.70.5)
    - React-jsi (= 0.70.5)
    - ReactCommon/turbomodule/core (= 0.70.5)
  - React-runtimeexecutor (0.70.5):
    - React-jsi (= 0.70.5)
  - ReactCommon/turbomodule/core (0.70.5):
    - DoubleConversion
    - glog
    - RCT-Folly (= 2021.07.22.00)
    - React-bridging (= 0.70.5)
    - React-callinvoker (= 0.70.5)
    - React-Core (= 0.70.5)
    - React-cxxreact (= 0.70.5)
    - React-jsi (= 0.70.5)
    - React-logger (= 0.70.5)
    - React-perflogger (= 0.70.5)
  - RNCAsyncStorage (1.17.12):
    - React-Core
  - RNCClipboard (1.12.1):
    - React-Core
  - RNCMaskedView (0.3.1):
    - React-Core
  - RNDeviceInfo (10.12.0):
    - React-Core
  - RNFBAnalytics (18.7.2):
    - Firebase/Analytics (= 10.19.0)
    - React-Core
    - RNFBApp
  - RNFBApp (18.7.2):
    - Firebase/CoreOnly (= 10.19.0)
    - React-Core
  - RNFBMessaging (18.7.2):
    - Firebase/Messaging (= 10.19.0)
    - FirebaseCoreExtension (= 10.19.0)
    - React-Core
    - RNFBApp
  - RNGestureHandler (2.8.0):
    - React-Core
  - RNGoogleMobileAds (12.6.0):
    - Google-Mobile-Ads-SDK (= 10.14.0)
    - GoogleUserMessagingPlatform (= 2.1.0)
    - React-Core
  - RNNotifee (7.8.0):
    - React-Core
    - RNNotifee/NotifeeCore (= 7.8.0)
  - RNNotifee/NotifeeCore (7.8.0):
    - React-Core
  - RNReanimated (2.12.0):
    - DoubleConversion
    - FBLazyVector
    - FBReactNativeSpec
    - glog
    - RCT-Folly
    - RCTRequired
    - RCTTypeSafety
    - React-callinvoker
    - React-Core
    - React-Core/DevSupport
    - React-Core/RCTWebSocket
    - React-CoreModules
    - React-cxxreact
    - React-jsi
    - React-jsiexecutor
    - React-jsinspector
    - React-RCTActionSheet
    - React-RCTAnimation
    - React-RCTBlob
    - React-RCTImage
    - React-RCTLinking
    - React-RCTNetwork
    - React-RCTSettings
    - React-RCTText
    - ReactCommon/turbomodule/core
    - Yoga
  - RNScreens (3.18.2):
    - React-Core
    - React-RCTImage
  - RNSnackbar (2.6.2):
    - React-Core
  - RNSVG (13.4.0):
    - React-Core
  - SSZipArchive (2.2.3)
  - Toast (4.1.0)
  - Yoga (1.14.0)

DEPENDENCIES:
  - appcenter-analytics (from `../node_modules/appcenter-analytics`)
  - appcenter-core (from `../node_modules/appcenter`)
  - appcenter-crashes (from `../node_modules/appcenter-crashes`)
  - boost (from `../node_modules/react-native/third-party-podspecs/boost.podspec`)
  - BVLinearGradient (from `../node_modules/react-native-linear-gradient`)
  - CodePush (from `../node_modules/react-native-code-push`)
  - DoubleConversion (from `../node_modules/react-native/third-party-podspecs/DoubleConversion.podspec`)
  - FBLazyVector (from `../node_modules/react-native/Libraries/FBLazyVector`)
  - FBReactNativeSpec (from `../node_modules/react-native/React/FBReactNativeSpec`)
  - glog (from `../node_modules/react-native/third-party-podspecs/glog.podspec`)
  - RCT-Folly (from `../node_modules/react-native/third-party-podspecs/RCT-Folly.podspec`)
  - RCTRequired (from `../node_modules/react-native/Libraries/RCTRequired`)
  - RCTTypeSafety (from `../node_modules/react-native/Libraries/TypeSafety`)
  - React (from `../node_modules/react-native/`)
  - React-bridging (from `../node_modules/react-native/ReactCommon`)
  - React-callinvoker (from `../node_modules/react-native/ReactCommon/callinvoker`)
  - React-Codegen (from `build/generated/ios`)
  - React-Core (from `../node_modules/react-native/`)
  - React-Core/RCTWebSocket (from `../node_modules/react-native/`)
  - React-CoreModules (from `../node_modules/react-native/React/CoreModules`)
  - React-cxxreact (from `../node_modules/react-native/ReactCommon/cxxreact`)
  - React-jsi (from `../node_modules/react-native/ReactCommon/jsi`)
  - React-jsiexecutor (from `../node_modules/react-native/ReactCommon/jsiexecutor`)
  - React-jsinspector (from `../node_modules/react-native/ReactCommon/jsinspector`)
  - React-logger (from `../node_modules/react-native/ReactCommon/logger`)
  - react-native-safe-area-context (from `../node_modules/react-native-safe-area-context`)
  - react-native-simple-toast (from `../node_modules/react-native-simple-toast`)
  - react-native-video (from `../node_modules/react-native-video`)
  - react-native-webview (from `../node_modules/react-native-webview`)
  - React-perflogger (from `../node_modules/react-native/ReactCommon/reactperflogger`)
  - React-RCTActionSheet (from `../node_modules/react-native/Libraries/ActionSheetIOS`)
  - React-RCTAnimation (from `../node_modules/react-native/Libraries/NativeAnimation`)
  - React-RCTBlob (from `../node_modules/react-native/Libraries/Blob`)
  - React-RCTImage (from `../node_modules/react-native/Libraries/Image`)
  - React-RCTLinking (from `../node_modules/react-native/Libraries/LinkingIOS`)
  - React-RCTNetwork (from `../node_modules/react-native/Libraries/Network`)
  - React-RCTSettings (from `../node_modules/react-native/Libraries/Settings`)
  - React-RCTText (from `../node_modules/react-native/Libraries/Text`)
  - React-RCTVibration (from `../node_modules/react-native/Libraries/Vibration`)
  - React-runtimeexecutor (from `../node_modules/react-native/ReactCommon/runtimeexecutor`)
  - ReactCommon/turbomodule/core (from `../node_modules/react-native/ReactCommon`)
  - "RNCAsyncStorage (from `../node_modules/@react-native-async-storage/async-storage`)"
  - "RNCClipboard (from `../node_modules/@react-native-clipboard/clipboard`)"
  - "RNCMaskedView (from `../node_modules/@react-native-masked-view/masked-view`)"
  - RNDeviceInfo (from `../node_modules/react-native-device-info`)
  - "RNFBAnalytics (from `../node_modules/@react-native-firebase/analytics`)"
  - "RNFBApp (from `../node_modules/@react-native-firebase/app`)"
  - "RNFBMessaging (from `../node_modules/@react-native-firebase/messaging`)"
  - RNGestureHandler (from `../node_modules/react-native-gesture-handler`)
  - RNGoogleMobileAds (from `../node_modules/react-native-google-mobile-ads`)
  - "RNNotifee (from `../node_modules/@notifee/react-native`)"
  - RNReanimated (from `../node_modules/react-native-reanimated`)
  - RNScreens (from `../node_modules/react-native-screens`)
  - RNSnackbar (from `../node_modules/react-native-snackbar`)
  - RNSVG (from `../node_modules/react-native-svg`)
  - Yoga (from `../node_modules/react-native/ReactCommon/yoga`)

SPEC REPOS:
  trunk:
    - AppCenter
    - AppCenterReactNativeShared
    - Base64
    - Firebase
    - FirebaseAnalytics
    - FirebaseCore
    - FirebaseCoreExtension
    - FirebaseCoreInternal
    - FirebaseInstallations
    - FirebaseMessaging
    - fmt
    - Google-Mobile-Ads-SDK
    - GoogleAppMeasurement
    - GoogleDataTransport
    - GoogleUserMessagingPlatform
    - GoogleUtilities
    - JWT
    - nanopb
    - PromisesObjC
    - SSZipArchive
    - Toast

EXTERNAL SOURCES:
  appcenter-analytics:
    :path: "../node_modules/appcenter-analytics"
  appcenter-core:
    :path: "../node_modules/appcenter"
  appcenter-crashes:
    :path: "../node_modules/appcenter-crashes"
  boost:
    :podspec: "../node_modules/react-native/third-party-podspecs/boost.podspec"
  BVLinearGradient:
    :path: "../node_modules/react-native-linear-gradient"
  CodePush:
    :path: "../node_modules/react-native-code-push"
  DoubleConversion:
    :podspec: "../node_modules/react-native/third-party-podspecs/DoubleConversion.podspec"
  FBLazyVector:
    :path: "../node_modules/react-native/Libraries/FBLazyVector"
  FBReactNativeSpec:
    :path: "../node_modules/react-native/React/FBReactNativeSpec"
  glog:
    :podspec: "../node_modules/react-native/third-party-podspecs/glog.podspec"
  RCT-Folly:
    :podspec: "../node_modules/react-native/third-party-podspecs/RCT-Folly.podspec"
  RCTRequired:
    :path: "../node_modules/react-native/Libraries/RCTRequired"
  RCTTypeSafety:
    :path: "../node_modules/react-native/Libraries/TypeSafety"
  React:
    :path: "../node_modules/react-native/"
  React-bridging:
    :path: "../node_modules/react-native/ReactCommon"
  React-callinvoker:
    :path: "../node_modules/react-native/ReactCommon/callinvoker"
  React-Codegen:
    :path: build/generated/ios
  React-Core:
    :path: "../node_modules/react-native/"
  React-CoreModules:
    :path: "../node_modules/react-native/React/CoreModules"
  React-cxxreact:
    :path: "../node_modules/react-native/ReactCommon/cxxreact"
  React-jsi:
    :path: "../node_modules/react-native/ReactCommon/jsi"
  React-jsiexecutor:
    :path: "../node_modules/react-native/ReactCommon/jsiexecutor"
  React-jsinspector:
    :path: "../node_modules/react-native/ReactCommon/jsinspector"
  React-logger:
    :path: "../node_modules/react-native/ReactCommon/logger"
  react-native-safe-area-context:
    :path: "../node_modules/react-native-safe-area-context"
  react-native-simple-toast:
    :path: "../node_modules/react-native-simple-toast"
  react-native-video:
    :path: "../node_modules/react-native-video"
  react-native-webview:
    :path: "../node_modules/react-native-webview"
  React-perflogger:
    :path: "../node_modules/react-native/ReactCommon/reactperflogger"
  React-RCTActionSheet:
    :path: "../node_modules/react-native/Libraries/ActionSheetIOS"
  React-RCTAnimation:
    :path: "../node_modules/react-native/Libraries/NativeAnimation"
  React-RCTBlob:
    :path: "../node_modules/react-native/Libraries/Blob"
  React-RCTImage:
    :path: "../node_modules/react-native/Libraries/Image"
  React-RCTLinking:
    :path: "../node_modules/react-native/Libraries/LinkingIOS"
  React-RCTNetwork:
    :path: "../node_modules/react-native/Libraries/Network"
  React-RCTSettings:
    :path: "../node_modules/react-native/Libraries/Settings"
  React-RCTText:
    :path: "../node_modules/react-native/Libraries/Text"
  React-RCTVibration:
    :path: "../node_modules/react-native/Libraries/Vibration"
  React-runtimeexecutor:
    :path: "../node_modules/react-native/ReactCommon/runtimeexecutor"
  ReactCommon:
    :path: "../node_modules/react-native/ReactCommon"
  RNCAsyncStorage:
    :path: "../node_modules/@react-native-async-storage/async-storage"
  RNCClipboard:
    :path: "../node_modules/@react-native-clipboard/clipboard"
  RNCMaskedView:
    :path: "../node_modules/@react-native-masked-view/masked-view"
  RNDeviceInfo:
    :path: "../node_modules/react-native-device-info"
  RNFBAnalytics:
    :path: "../node_modules/@react-native-firebase/analytics"
  RNFBApp:
    :path: "../node_modules/@react-native-firebase/app"
  RNFBMessaging:
    :path: "../node_modules/@react-native-firebase/messaging"
  RNGestureHandler:
    :path: "../node_modules/react-native-gesture-handler"
  RNGoogleMobileAds:
    :path: "../node_modules/react-native-google-mobile-ads"
  RNNotifee:
    :path: "../node_modules/@notifee/react-native"
  RNReanimated:
    :path: "../node_modules/react-native-reanimated"
  RNScreens:
    :path: "../node_modules/react-native-screens"
  RNSnackbar:
    :path: "../node_modules/react-native-snackbar"
  RNSVG:
    :path: "../node_modules/react-native-svg"
  Yoga:
    :path: "../node_modules/react-native/ReactCommon/yoga"

SPEC CHECKSUMS:
  AppCenter: 85c92db0759d2792a65eb61d6842d2e86611a49a
  appcenter-analytics: fbeef54afe6fa91d3803dfd31499817baa81fec0
  appcenter-core: e192ea8b373bebd3e44998882b43311078bd7dda
  appcenter-crashes: 266063788bcebd553e621344a54286395a8e2010
  AppCenterReactNativeShared: 22aea9046e80c449137f4e574ae1f229616e2358
  Base64: cecfb41a004124895a7bcee567a89bae5a89d49b
  boost: a7c83b31436843459a1961bfd74b96033dc77234
  BVLinearGradient: 880f91a7854faff2df62518f0281afb1c60d49a3
  CodePush: dce1b253fde81078249ea9cd4b948e4ac7b761a9
  DoubleConversion: 5189b271737e1565bdce30deb4a08d647e3f5f54
  FBLazyVector: affa4ba1bfdaac110a789192f4d452b053a86624
  FBReactNativeSpec: fe8b5f1429cfe83a8d72dc8ed61dc7704cac8745
  Firebase: 63ce8ece0d43743dc28eacac0c6867a2d7fd5a9d
  FirebaseAnalytics: 87513010b13b7c8610164d3602ea10571f76afc1
  FirebaseCore: dc5c7badf99d47613c52b2e3a57a64cd187f8554
  FirebaseCoreExtension: c08d14c7b22e07994e876d837e6f58642f340087
  FirebaseCoreInternal: 6a292e6f0bece1243a737e81556e56e5e19282e3
  FirebaseInstallations: 42d6ead4605d6eafb3b6683674e80e18eb6f2c35
  FirebaseMessaging: d322bd030a0e97398bf134746e087b88e6ba0074
  fmt: ff9d55029c625d3757ed641535fd4a75fedc7ce9
  glog: 04b94705f318337d7ead9e6d17c019bd9b1f6b1b
  Google-Mobile-Ads-SDK: 8f67a72f88d057335b1ac3f501e2b68ad054116e
  GoogleAppMeasurement: 68afe759316673c6554dac35a0c7ae8f5d6cb4ed
  GoogleDataTransport: 6c09b596d841063d76d4288cc2d2f42cc36e1e2a
  GoogleUserMessagingPlatform: dce302b8f1b84d6e945812ee7a15c3f65a102cbf
  GoogleUtilities: d053d902a8edaa9904e1bd00c37535385b8ed152
  JWT: ef71dfb03e1f842081e64dc42eef0e164f35d251
  nanopb: d4d75c12cd1316f4a64e3c6963f879ecd4b5e0d5
  PromisesObjC: f5707f49cb48b9636751c5b2e7d227e43fba9f47
  RCT-Folly: 0080d0a6ebf2577475bda044aa59e2ca1f909cda
  RCTRequired: 21229f84411088e5d8538f21212de49e46cc83e2
  RCTTypeSafety: 62eed57a32924b09edaaf170a548d1fc96223086
  React: f0254ccddeeef1defe66c6b1bb9133a4f040792b
  React-bridging: e46911666b7ec19538a620a221d6396cd293d687
  React-callinvoker: 66b62e2c34546546b2f21ab0b7670346410a2b53
  React-Codegen: b6999435966df3bdf82afa3f319ba0d6f9a8532a
  React-Core: dabbc9d1fe0a11d884e6ee1599789cf8eb1058a5
  React-CoreModules: 5b6b7668f156f73a56420df9ec68ca2ec8f2e818
  React-cxxreact: c7ca2baee46db22a30fce9e639277add3c3f6ad1
  React-jsi: a565dcb49130ed20877a9bb1105ffeecbb93d02d
  React-jsiexecutor: 31564fa6912459921568e8b0e49024285a4d584b
  React-jsinspector: badd81696361249893a80477983e697aab3c1a34
  React-logger: fdda34dd285bdb0232e059b19d9606fa0ec3bb9c
  react-native-safe-area-context: 99b24a0c5acd0d5dcac2b1a7f18c49ea317be99a
  react-native-simple-toast: 1059cc3b076a2abe14900d609c096d7682bf6e1e
  react-native-video: c26780b224543c62d5e1b2a7244a5cd1b50e8253
  react-native-webview: d33e2db8925d090871ffeb232dfa50cb3a727581
  React-perflogger: e68d3795cf5d247a0379735cbac7309adf2fb931
  React-RCTActionSheet: 05452c3b281edb27850253db13ecd4c5a65bc247
  React-RCTAnimation: 578eebac706428e68466118e84aeacf3a282b4da
  React-RCTBlob: f47a0aa61e7d1fb1a0e13da832b0da934939d71a
  React-RCTImage: 60f54b66eed65d86b6dffaf4733d09161d44929d
  React-RCTLinking: 91073205aeec4b29450ca79b709277319368ac9e
  React-RCTNetwork: ca91f2c9465a7e335c8a5fae731fd7f10572213b
  React-RCTSettings: 1a9a5d01337d55c18168c1abe0f4a589167d134a
  React-RCTText: c591e8bd9347a294d8416357ca12d779afec01d5
  React-RCTVibration: 8e5c8c5d17af641f306d7380d8d0fe9b3c142c48
  React-runtimeexecutor: 7401c4a40f8728fd89df4a56104541b760876117
  ReactCommon: c9246996e73bf75a2c6c3ff15f1e16707cdc2da9
  RNCAsyncStorage: 09fc8595e6d6f6d5abf16b23a56b257d9c6b7c5b
  RNCClipboard: d77213bfa269013bf4b857b7a9ca37ee062d8ef1
  RNCMaskedView: 090213d32d8b3bb83a4dcb7d12c18f0152591906
  RNDeviceInfo: db5c64a060e66e5db3102d041ebe3ef307a85120
  RNFBAnalytics: c572a6f8c1d33878c2803adaf5abbdd2ec5ca88a
  RNFBApp: 1a09a90a680865646fcb6ad4c7af505f36b02473
  RNFBMessaging: b6477fef1db57c6ff4516ee28094ad916b5a5a90
  RNGestureHandler: 62232ba8f562f7dea5ba1b3383494eb5bf97a4d3
  RNGoogleMobileAds: ad5da72aa3a0974ef33c9392b2c1c7d9870a3f7c
  RNNotifee: f3c01b391dd8e98e67f539f9a35a9cbcd3bae744
  RNReanimated: 2a91e85fcd343f8af3c58d3425b99fdd285590a5
  RNScreens: 34cc502acf1b916c582c60003dc3089fa01dc66d
  RNSnackbar: 3727b42bf6c4314a53c18185b5203e915a4ab020
  RNSVG: 07dbd870b0dcdecc99b3a202fa37c8ca163caec2
  SSZipArchive: 62d4947b08730e4cda640473b0066d209ff033c9
  Toast: ec33c32b8688982cecc6348adeae667c1b9938da
  Yoga: eca980a5771bf114c41a754098cd85e6e0d90ed7

PODFILE CHECKSUM: 211bfe894182010ea949e8677c4be077c91275c3

COCOAPODS: 1.14.3
